// !$*UTF8*$!
{
	archiveVersion = 1;
	classes = {
	};
	objectVersion = 77;
	objects = {

/* Begin PBXBuildFile section */
		E6988F8B2E7C6B83000DF566 /* BLEManager.swift in Sources */ = {isa = PBXBuildFile; fileRef = E60313512E7BA8E3007A0D43 /* BLEManager.swift */; };
		E69EBE862F4545E70042EBEE /* Sessionmanager.swift in Sources */ = {isa = PBXBuildFile; fileRef = E69EBE852F4545E70042EBEE /* Sessionmanager.swift */; };
/* End PBXBuildFile section */

/* Begin PBXContainerItemProxy section */
		E60313272E74A977007A0D43 /* PBXContainerItemProxy */ = {
			isa = PBXContainerItemProxy;
			containerPortal = E60313102E74A96B007A0D43 /* Project object */;
			proxyType = 1;
			remoteGlobalIDString = E60313172E74A96C007A0D43;
			remoteInfo = nRFapp;
		};
		E60313312E74A977007A0D43 /* PBXContainerItemProxy */ = {
			isa = PBXContainerItemProxy;
			containerPortal = E60313102E74A96B007A0D43 /* Project object */;
			proxyType = 1;
			remoteGlobalIDString = E60313172E74A96C007A0D43;
			remoteInfo = nRFapp;
		};
/* End PBXContainerItemProxy section */

/* Begin PBXFileReference section */
		E60313182E74A96C007A0D43 /* nRFapp.app */ = {isa = PBXFileReference; explicitFileType = wrapper.application; includeInIndex = 0; path = nRFapp.app; sourceTree = BUILT_PRODUCTS_DIR; };
		E60313262E74A977007A0D43 /* nRFappTests.xctest */ = {isa = PBXFileReference; explicitFileType = wrapper.cfbundle; includeInIndex = 0; path = nRFappTests.xctest; sourceTree = BUILT_PRODUCTS_DIR; };
		E60313302E74A977007A0D43 /* nRFappUITests.xctest */ = {isa = PBXFileReference; explicitFileType = wrapper.cfbundle; includeInIndex = 0; path = nRFappUITests.xctest; sourceTree = BUILT_PRODUCTS_DIR; };
		E60313512E7BA8E3007A0D43 /* BLEManager.swift */ = {isa = PBXFileReference; lastKnownFileType = sourcecode.swift; path = BLEManager.swift; sourceTree = "<group>"; };
		E69EBE852F4545E70042EBEE /* Sessionmanager.swift */ = {isa = PBXFileReference; lastKnownFileType = sourcecode.swift; path = Sessionmanager.swift; sourceTree = "<group>"; };
/* End PBXFileReference section */

/* Begin PBXFileSystemSynchronizedBuildFileExceptionSet section */
		E6B947C72E7CCDBA00624FB0 /* Exceptions for "nRFapp" folder in "nRFapp" target */ = {
			isa = PBXFileSystemSynchronizedBuildFileExceptionSet;
			membershipExceptions = (
				Info.plist,
			);
			target = E60313172E74A96C007A0D43 /* nRFapp */;
		};
/* End PBXFileSystemSynchronizedBuildFileExceptionSet section */

/* Begin PBXFileSystemSynchronizedRootGroup section */
		E603131A2E74A96C007A0D43 /* nRFapp */ = {
			isa = PBXFileSystemSynchronizedRootGroup;
			exceptions = (
				E6B947C72E7CCDBA00624FB0 /* Exceptions for "nRFapp" folder in "nRFapp" target */,
			);
			path = nRFapp;
			sourceTree = "<group>";
		};
		E60313292E74A977007A0D43 /* nRFappTests */ = {
			isa = PBXFileSystemSynchronizedRootGroup;
			path = nRFappTests;
			sourceTree = "<group>";
		};
		E60313332E74A977007A0D43 /* nRFappUITests */ = {
			isa = PBXFileSystemSynchronizedRootGroup;
			path = nRFappUITests;
			sourceTree = "<group>";
		};
		E60313522E7BA922007A0D43 /* UI1 */ = {
			isa = PBXFileSystemSynchronizedRootGroup;
			path = UI1;
			sourceTree = "<group>";
		};
		E69EBE812E902C230042EBEE /* backend */ = {
			isa = PBXFileSystemSynchronizedRootGroup;
			path = backend;
			sourceTree = "<group>";
		};
/* End PBXFileSystemSynchronizedRootGroup section */

/* Begin PBXFrameworksBuildPhase section */
		E60313152E74A96C007A0D43 /* Frameworks */ = {
			isa = PBXFrameworksBuildPhase;
			buildActionMask = 2147483647;
			files = (
			);
			runOnlyForDeploymentPostprocessing = 0;
		};
		E60313232E74A977007A0D43 /* Frameworks */ = {
			isa = PBXFrameworksBuildPhase;
			buildActionMask = 2147483647;
			files = (
			);
			runOnlyForDeploymentPostprocessing = 0;
		};
		E603132D2E74A977007A0D43 /* Frameworks */ = {
			isa = PBXFrameworksBuildPhase;
			buildActionMask = 2147483647;
			files = (
			);
			runOnlyForDeploymentPostprocessing = 0;
		};
/* End PBXFrameworksBuildPhase section */

/* Begin PBXGroup section */
		E603130F2E74A96A007A0D43 = {
			isa = PBXGroup;
			children = (
				E69EBE812E902C230042EBEE /* backend */,
				E60313522E7BA922007A0D43 /* UI1 */,
				E60313502E7BA8AE007A0D43 /* services */,
				E603131A2E74A96C007A0D43 /* nRFapp */,
				E60313292E74A977007A0D43 /* nRFappTests */,
				E60313332E74A977007A0D43 /* nRFappUITests */,
				E60313192E74A96C007A0D43 /* Products */,
			);
			sourceTree = "<group>";
		};
		E60313192E74A96C007A0D43 /* Products */ = {
			isa = PBXGroup;
			children = (
				E60313182E74A96C007A0D43 /* nRFapp.app */,
				E60313262E74A977007A0D43 /* nRFappTests.xctest */,
				E60313302E74A977007A0D43 /* nRFappUITests.xctest */,
			);
			name = Products;
			sourceTree = "<group>";
		};
		E60313502E7BA8AE007A0D43 /* services */ = {
			isa = PBXGroup;
			children = (
				E69EBE852F4545E70042EBEE /* Sessionmanager.swift */,
				E60313512E7BA8E3007A0D43 /* BLEManager.swift */,
			);
			path = services;
			sourceTree = "<group>";
		};
/* End PBXGroup section */

/* Begin PBXNativeTarget section */
		E60313172E74A96C007A0D43 /* nRFapp */ = {
			isa = PBXNativeTarget;
			buildConfigurationList = E603133A2E74A977007A0D43 /* Build configuration list for PBXNativeTarget "nRFapp" */;
			buildPhases = (
				E60313142E74A96C007A0D43 /* Sources */,
				E60313152E74A96C007A0D43 /* Frameworks */,
				E60313162E74A96C007A0D43 /* Resources */,
			);
			buildRules = (
			);
			dependencies = (
			);
			fileSystemSynchronizedGroups = (
				E603131A2E74A96C007A0D43 /* nRFapp */,
				E60313522E7BA922007A0D43 /* UI1 */,
				E69EBE812E902C230042EBEE /* backend */,
			);
			name = nRFapp;
			packageProductDependencies = (
			);
			productName = nRFapp;
			productReference = E60313182E74A96C007A0D43 /* nRFapp.app */;
			productType = "com.apple.product-type.application";
		};
		E60313252E74A977007A0D43 /* nRFappTests */ = {
			isa = PBXNativeTarget;
			buildConfigurationList = E603133D2E74A977007A0D43 /* Build configuration list for PBXNativeTarget "nRFappTests" */;
			buildPhases = (
				E60313222E74A977007A0D43 /* Sources */,
				E60313232E74A977007A0D43 /* Frameworks */,
				E60313242E74A977007A0D43 /* Resources */,
			);
			buildRules = (
			);
			dependencies = (
				E60313282E74A977007A0D43 /* PBXTargetDependency */,
			);
			fileSystemSynchronizedGroups = (
				E60313292E74A977007A0D43 /* nRFappTests */,
			);
			name = nRFappTests;
			packageProductDependencies = (
			);
			productName = nRFappTests;
			productReference = E60313262E74A977007A0D43 /* nRFappTests.xctest */;
			productType = "com.apple.product-type.bundle.unit-test";
		};
		E603132F2E74A977007A0D43 /* nRFappUITests */ = {
			isa = PBXNativeTarget;
			buildConfigurationList = E60313402E74A977007A0D43 /* Build configuration list for PBXNativeTarget "nRFappUITests" */;
			buildPhases = (
				E603132C2E74A977007A0D43 /* Sources */,
				E603132D2E74A977007A0D43 /* Frameworks */,
				E603132E2E74A977007A0D43 /* Resources */,
			);
			buildRules = (
			);
			dependencies = (
				E60313322E74A977007A0D43 /* PBXTargetDependency */,
			);
			fileSystemSynchronizedGroups = (
				E60313332E74A977007A0D43 /* nRFappUITests */,
			);
			name = nRFappUITests;
			packageProductDependencies = (
			);
			productName = nRFappUITests;
			productReference = E60313302E74A977007A0D43 /* nRFappUITests.xctest */;
			productType = "com.apple.product-type.bundle.ui-testing";
		};
/* End PBXNativeTarget section */

/* Begin PBXProject section */
		E60313102E74A96B007A0D43 /* Project object */ = {
			isa = PBXProject;
			attributes = {
				BuildIndependentTargetsInParallel = 1;
				LastSwiftUpdateCheck = 1640;
				LastUpgradeCheck = 1640;
				TargetAttributes = {
					E60313172E74A96C007A0D43 = {
						CreatedOnToolsVersion = 16.4;
					};
					E60313252E74A977007A0D43 = {
						CreatedOnToolsVersion = 16.4;
						TestTargetID = E60313172E74A96C007A0D43;
					};
					E603132F2E74A977007A0D43 = {
						CreatedOnToolsVersion = 16.4;
						TestTargetID = E60313172E74A96C007A0D43;
					};
				};
			};
			buildConfigurationList = E60313132E74A96B007A0D43 /* Build configuration list for PBXProject "nRFapp" */;
			developmentRegion = en;
			hasScannedForEncodings = 0;
			knownRegions = (
				en,
				Base,
			);
			mainGroup = E603130F2E74A96A007A0D43;
			minimizedProjectReferenceProxies = 1;
			preferredProjectObjectVersion = 77;
			productRefGroup = E60313192E74A96C007A0D43 /* Products */;
			projectDirPath = "";
			projectRoot = "";
			targets = (
				E60313172E74A96C007A0D43 /* nRFapp */,
				E60313252E74A977007A0D43 /* nRFappTests */,
				E603132F2E74A977007A0D43 /* nRFappUITests */,
			);
		};
/* End PBXProject section */

/* Begin PBXResourcesBuildPhase section */
		E60313162E74A96C007A0D43 /* Resources */ = {
			isa = PBXResourcesBuildPhase;
			buildActionMask = 2147483647;
			files = (
			);
			runOnlyForDeploymentPostprocessing = 0;
		};
		E60313242E74A977007A0D43 /* Resources */ = {
			isa = PBXResourcesBuildPhase;
			buildActionMask = 2147483647;
			files = (
			);
			runOnlyForDeploymentPostprocessing = 0;
		};
		E603132E2E74A977007A0D43 /* Resources */ = {
			isa = PBXResourcesBuildPhase;
			buildActionMask = 2147483647;
			files = (
			);
			runOnlyForDeploymentPostprocessing = 0;
		};
/* End PBXResourcesBuildPhase section */

/* Begin PBXSourcesBuildPhase section */
		E60313142E74A96C007A0D43 /* Sources */ = {
			isa = PBXSourcesBuildPhase;
			buildActionMask = 2147483647;
			files = (
				E6988F8B2E7C6B83000DF566 /* BLEManager.swift in Sources */,
				E69EBE862F4545E70042EBEE /* Sessionmanager.swift in Sources */,
			);
			runOnlyForDeploymentPostprocessing = 0;
		};
		E60313222E74A977007A0D43 /* Sources */ = {
			isa = PBXSourcesBuildPhase;
			buildActionMask = 2147483647;
			files = (
			);
			runOnlyForDeploymentPostprocessing = 0;
		};
		E603132C2E74A977007A0D43 /* Sources */ = {
			isa = PBXSourcesBuildPhase;
			buildActionMask = 2147483647;
			files = (
			);
			runOnlyForDeploymentPostprocessing = 0;
		};
/* End PBXSourcesBuildPhase section */

/* Begin PBXTargetDependency section */
		E60313282E74A977007A0D43 /* PBXTargetDependency */ = {
			isa = PBXTargetDependency;
			target = E60313172E74A96C007A0D43 /* nRFapp */;
			targetProxy = E60313272E74A977007A0D43 /* PBXContainerItemProxy */;
		};
		E60313322E74A977007A0D43 /* PBXTargetDependency */ = {
			isa = PBXTargetDependency;
			target = E60313172E74A96C007A0D43 /* nRFapp */;
			targetProxy = E60313312E74A977007A0D43 /* PBXContainerItemProxy */;
		};
/* End PBXTargetDependency section */

/* Begin XCBuildConfiguration section */
		E60313382E74A977007A0D43 /* Debug */ = {
			isa = XCBuildConfiguration;
			buildSettings = {
				ALWAYS_SEARCH_USER_PATHS = NO;
				ASSETCATALOG_COMPILER_GENERATE_SWIFT_ASSET_SYMBOL_EXTENSIONS = YES;
				CLANG_ANALYZER_NONNULL = YES;
				CLANG_ANALYZER_NUMBER_OBJECT_CONVERSION = YES_AGGRESSIVE;
				CLANG_CXX_LANGUAGE_STANDARD = "gnu++20";
				CLANG_ENABLE_MODULES = YES;
				CLANG_ENABLE_OBJC_ARC = YES;
				CLANG_ENABLE_OBJC_WEAK = YES;
				CLANG_WARN_BLOCK_CAPTURE_AUTORELEASING = YES;
				CLANG_WARN_BOOL_CONVERSION = YES;
				CLANG_WARN_COMMA = YES;
				CLANG_WARN_CONSTANT_CONVERSION = YES;
				CLANG_WARN_DEPRECATED_OBJC_IMPLEMENTATIONS = YES;
				CLANG_WARN_DIRECT_OBJC_ISA_USAGE = YES_ERROR;
				CLANG_WARN_DOCUMENTATION_COMMENTS = YES;
				CLANG_WARN_EMPTY_BODY = YES;
				CLANG_WARN_ENUM_CONVERSION = YES;
				CLANG_WARN_INFINITE_RECURSION = YES;
				CLANG_WARN_INT_CONVERSION = YES;
				CLANG_WARN_NON_LITERAL_NULL_CONVERSION = YES;
				CLANG_WARN_OBJC_IMPLICIT_RETAIN_SELF = YES;
				CLANG_WARN_OBJC_LITERAL_CONVERSION = YES;
				CLANG_WARN_OBJC_ROOT_CLASS = YES_ERROR;
				CLANG_WARN_QUOTED_INCLUDE_IN_FRAMEWORK_HEADER = YES;
				CLANG_WARN_RANGE_LOOP_ANALYSIS = YES;
				CLANG_WARN_STRICT_PROTOTYPES = YES;
				CLANG_WARN_SUSPICIOUS_MOVE = YES;
				CLANG_WARN_UNGUARDED_AVAILABILITY = YES_AGGRESSIVE;
				CLANG_WARN_UNREACHABLE_CODE = YES;
				CLANG_WARN__DUPLICATE_METHOD_MATCH = YES;
				COPY_PHASE_STRIP = NO;
				CREATE_INFOPLIST_SECTION_IN_BINARY = YES;
				DEBUG_INFORMATION_FORMAT = dwarf;
				ENABLE_STRICT_OBJC_MSGSEND = YES;
				ENABLE_TESTABILITY = YES;
				ENABLE_USER_SCRIPT_SANDBOXING = YES;
				GCC_C_LANGUAGE_STANDARD = gnu17;
				GCC_DYNAMIC_NO_PIC = NO;
				GCC_NO_COMMON_BLOCKS = YES;
				GCC_OPTIMIZATION_LEVEL = 0;
				GCC_PREPROCESSOR_DEFINITIONS = (
					"DEBUG=1",
					"$(inherited)",
				);
				GCC_WARN_64_TO_32_BIT_CONVERSION = YES;
				GCC_WARN_ABOUT_RETURN_TYPE = YES_ERROR;
				GCC_WARN_UNDECLARED_SELECTOR = YES;
				GCC_WARN_UNINITIALIZED_AUTOS = YES_AGGRESSIVE;
				GCC_WARN_UNUSED_FUNCTION = YES;
				GCC_WARN_UNUSED_VARIABLE = YES;
				GENERATE_INFOPLIST_FILE = YES;
				"GENERATE_INFOPLIST_FILE[sdk=iphoneos*]" = NO;
				LOCALIZATION_PREFERS_STRING_CATALOGS = YES;
				MTL_ENABLE_DEBUG_INFO = INCLUDE_SOURCE;
				MTL_FAST_MATH = YES;
				ONLY_ACTIVE_ARCH = YES;
				SWIFT_ACTIVE_COMPILATION_CONDITIONS = "DEBUG $(inherited)";
				SWIFT_OPTIMIZATION_LEVEL = "-Onone";
			};
			name = Debug;
		};
		E60313392E74A977007A0D43 /* Release */ = {
			isa = XCBuildConfiguration;
			buildSettings = {
				ALWAYS_SEARCH_USER_PATHS = NO;
				ASSETCATALOG_COMPILER_GENERATE_SWIFT_ASSET_SYMBOL_EXTENSIONS = YES;
				CLANG_ANALYZER_NONNULL = YES;
				CLANG_ANALYZER_NUMBER_OBJECT_CONVERSION = YES_AGGRESSIVE;
				CLANG_CXX_LANGUAGE_STANDARD = "gnu++20";
				CLANG_ENABLE_MODULES = YES;
				CLANG_ENABLE_OBJC_ARC = YES;
				CLANG_ENABLE_OBJC_WEAK = YES;
				CLANG_WARN_BLOCK_CAPTURE_AUTORELEASING = YES;
				CLANG_WARN_BOOL_CONVERSION = YES;
				CLANG_WARN_COMMA = YES;
				CLANG_WARN_CONSTANT_CONVERSION = YES;
				CLANG_WARN_DEPRECATED_OBJC_IMPLEMENTATIONS = YES;
				CLANG_WARN_DIRECT_OBJC_ISA_USAGE = YES_ERROR;
				CLANG_WARN_DOCUMENTATION_COMMENTS = YES;
				CLANG_WARN_EMPTY_BODY = YES;
				CLANG_WARN_ENUM_CONVERSION = YES;
				CLANG_WARN_INFINITE_RECURSION = YES;
				CLANG_WARN_INT_CONVERSION = YES;
				CLANG_WARN_NON_LITERAL_NULL_CONVERSION = YES;
				CLANG_WARN_OBJC_IMPLICIT_RETAIN_SELF = YES;
				CLANG_WARN_OBJC_LITERAL_CONVERSION = YES;
				CLANG_WARN_OBJC_ROOT_CLASS = YES_ERROR;
				CLANG_WARN_QUOTED_INCLUDE_IN_FRAMEWORK_HEADER = YES;
				CLANG_WARN_RANGE_LOOP_ANALYSIS = YES;
				CLANG_WARN_STRICT_PROTOTYPES = YES;
				CLANG_WARN_SUSPICIOUS_MOVE = YES;
				CLANG_WARN_UNGUARDED_AVAILABILITY = YES_AGGRESSIVE;
				CLANG_WARN_UNREACHABLE_CODE = YES;
				CLANG_WARN__DUPLICATE_METHOD_MATCH = YES;
				COPY_PHASE_STRIP = NO;
				CREATE_INFOPLIST_SECTION_IN_BINARY = YES;
				DEBUG_INFORMATION_FORMAT = "dwarf-with-dsym";
				ENABLE_NS_ASSERTIONS = NO;
				ENABLE_STRICT_OBJC_MSGSEND = YES;
				ENABLE_USER_SCRIPT_SANDBOXING = YES;
				GCC_C_LANGUAGE_STANDARD = gnu17;
				GCC_NO_COMMON_BLOCKS = YES;
				GCC_WARN_64_TO_32_BIT_CONVERSION = YES;
				GCC_WARN_ABOUT_RETURN_TYPE = YES_ERROR;
				GCC_WARN_UNDECLARED_SELECTOR = YES;
				GCC_WARN_UNINITIALIZED_AUTOS = YES_AGGRESSIVE;
				GCC_WARN_UNUSED_FUNCTION = YES;
				GCC_WARN_UNUSED_VARIABLE = YES;
				GENERATE_INFOPLIST_FILE = YES;
				LOCALIZATION_PREFERS_STRING_CATALOGS = YES;
				MTL_ENABLE_DEBUG_INFO = NO;
				MTL_FAST_MATH = YES;
				SWIFT_COMPILATION_MODE = wholemodule;
			};
			name = Release;
		};
		E603133B2E74A977007A0D43 /* Debug */ = {
			isa = XCBuildConfiguration;
			buildSettings = {
				ASSETCATALOG_COMPILER_APPICON_NAME = AppIcon;
				ASSETCATALOG_COMPILER_GLOBAL_ACCENT_COLOR_NAME = AccentColor;
				CODE_SIGN_ENTITLEMENTS = nRFapp/nRFapp.entitlements;
				CODE_SIGN_STYLE = Automatic;
				CURRENT_PROJECT_VERSION = 1;
				DEVELOPMENT_TEAM = C88LR34Y4U;
				ENABLE_PREVIEWS = YES;
				GENERATE_INFOPLIST_FILE = YES;
				INFOPLIST_FILE = nRFapp/Info.plist;
				INFOPLIST_KEY_NSBluetoothAlwaysUsageDescription = "";
				"INFOPLIST_KEY_UIApplicationSceneManifest_Generation[sdk=iphoneos*]" = YES;
				"INFOPLIST_KEY_UIApplicationSceneManifest_Generation[sdk=iphonesimulator*]" = YES;
				"INFOPLIST_KEY_UIApplicationSupportsIndirectInputEvents[sdk=iphoneos*]" = YES;
				"INFOPLIST_KEY_UIApplicationSupportsIndirectInputEvents[sdk=iphonesimulator*]" = YES;
				"INFOPLIST_KEY_UILaunchScreen_Generation[sdk=iphoneos*]" = YES;
				"INFOPLIST_KEY_UILaunchScreen_Generation[sdk=iphonesimulator*]" = YES;
				"INFOPLIST_KEY_UIStatusBarStyle[sdk=iphoneos*]" = UIStatusBarStyleDefault;
				"INFOPLIST_KEY_UIStatusBarStyle[sdk=iphonesimulator*]" = UIStatusBarStyleDefault;
				INFOPLIST_KEY_UISupportedInterfaceOrientations_iPad = "UIInterfaceOrientationPortrait UIInterfaceOrientationPortraitUpsideDown UIInterfaceOrientationLandscapeLeft UIInterfaceOrientationLandscapeRight";
				INFOPLIST_KEY_UISupportedInterfaceOrientations_iPhone = "UIInterfaceOrientationPortrait UIInterfaceOrientationLandscapeLeft UIInterfaceOrientationLandscapeRight";
				IPHONEOS_DEPLOYMENT_TARGET = 18.5;
				LD_RUNPATH_SEARCH_PATHS = "@executable_path/Frameworks";
				"LD_RUNPATH_SEARCH_PATHS[sdk=macosx*]" = "@executable_path/../Frameworks";
				MACOSX_DEPLOYMENT_TARGET = 15.5;
				MARKETING_VERSION = 1.0;
				NEW_SETTING = "";
				PRODUCT_BUNDLE_IDENTIFIER = "-.nRFapp";
				PRODUCT_NAME = "$(TARGET_NAME)";
				REGISTER_APP_GROUPS = YES;
				SDKROOT = auto;
				SUPPORTED_PLATFORMS = "iphoneos iphonesimulator macosx xros xrsimulator";
				SWIFT_EMIT_LOC_STRINGS = YES;
				SWIFT_VERSION = 5.0;
				TARGETED_DEVICE_FAMILY = "1,2,7";
				XROS_DEPLOYMENT_TARGET = 2.5;
				si = "";
			};
			name = Debug;
		};
		E603133C2E74A977007A0D43 /* Release */ = {
			isa = XCBuildConfiguration;
			buildSettings = {
				ASSETCATALOG_COMPILER_APPICON_NAME = AppIcon;
				ASSETCATALOG_COMPILER_GLOBAL_ACCENT_COLOR_NAME = AccentColor;
				CODE_SIGN_ENTITLEMENTS = nRFapp/nRFapp.entitlements;
				CODE_SIGN_STYLE = Automatic;
				CURRENT_PROJECT_VERSION = 1;
				DEVELOPMENT_TEAM = C88LR34Y4U;
				ENABLE_PREVIEWS = YES;
				GENERATE_INFOPLIST_FILE = YES;
				INFOPLIST_FILE = nRFapp/Info.plist;
				INFOPLIST_KEY_NSBluetoothAlwaysUsageDescription = "";
				"INFOPLIST_KEY_UIApplicationSceneManifest_Generation[sdk=iphoneos*]" = YES;
				"INFOPLIST_KEY_UIApplicationSceneManifest_Generation[sdk=iphonesimulator*]" = YES;
				"INFOPLIST_KEY_UIApplicationSupportsIndirectInputEvents[sdk=iphoneos*]" = YES;
				"INFOPLIST_KEY_UIApplicationSupportsIndirectInputEvents[sdk=iphonesimulator*]" = YES;
				"INFOPLIST_KEY_UILaunchScreen_Generation[sdk=iphoneos*]" = YES;
				"INFOPLIST_KEY_UILaunchScreen_Generation[sdk=iphonesimulator*]" = YES;
				"INFOPLIST_KEY_UIStatusBarStyle[sdk=iphoneos*]" = UIStatusBarStyleDefault;
				"INFOPLIST_KEY_UIStatusBarStyle[sdk=iphonesimulator*]" = UIStatusBarStyleDefault;
				INFOPLIST_KEY_UISupportedInterfaceOrientations_iPad = "UIInterfaceOrientationPortrait UIInterfaceOrientationPortraitUpsideDown UIInterfaceOrientationLandscapeLeft UIInterfaceOrientationLandscapeRight";
				INFOPLIST_KEY_UISupportedInterfaceOrientations_iPhone = "UIInterfaceOrientationPortrait UIInterfaceOrientationLandscapeLeft UIInterfaceOrientationLandscapeRight";
				IPHONEOS_DEPLOYMENT_TARGET = 18.5;
				LD_RUNPATH_SEARCH_PATHS = "@executable_path/Frameworks";
				"LD_RUNPATH_SEARCH_PATHS[sdk=macosx*]" = "@executable_path/../Frameworks";
				MACOSX_DEPLOYMENT_TARGET = 15.5;
				MARKETING_VERSION = 1.0;
				NEW_SETTING = "";
				PRODUCT_BUNDLE_IDENTIFIER = "-.nRFapp";
				PRODUCT_NAME = "$(TARGET_NAME)";
				REGISTER_APP_GROUPS = YES;
				SDKROOT = auto;
				SUPPORTED_PLATFORMS = "iphoneos iphonesimulator macosx xros xrsimulator";
				SWIFT_EMIT_LOC_STRINGS = YES;
				SWIFT_VERSION = 5.0;
				TARGETED_DEVICE_FAMILY = "1,2,7";
				XROS_DEPLOYMENT_TARGET = 2.5;
				si = "";
			};
			name = Release;
		};
		E603133E2E74A977007A0D43 /* Debug */ = {
			isa = XCBuildConfiguration;
			buildSettings = {
				BUNDLE_LOADER = "$(TEST_HOST)";
				CODE_SIGN_STYLE = Automatic;
				CURRENT_PROJECT_VERSION = 1;
				GENERATE_INFOPLIST_FILE = YES;
				IPHONEOS_DEPLOYMENT_TARGET = 18.5;
				MACOSX_DEPLOYMENT_TARGET = 15.5;
				MARKETING_VERSION = 1.0;
				PRODUCT_BUNDLE_IDENTIFIER = "-.nRFappTests";
				PRODUCT_NAME = "$(TARGET_NAME)";
				SDKROOT = auto;
				SUPPORTED_PLATFORMS = "iphoneos iphonesimulator macosx xros xrsimulator";
				SWIFT_EMIT_LOC_STRINGS = NO;
				SWIFT_VERSION = 5.0;
				TARGETED_DEVICE_FAMILY = "1,2,7";
				TEST_HOST = "$(BUILT_PRODUCTS_DIR)/nRFapp.app/$(BUNDLE_EXECUTABLE_FOLDER_PATH)/nRFapp";
				XROS_DEPLOYMENT_TARGET = 2.5;
			};
			name = Debug;
		};
		E603133F2E74A977007A0D43 /* Release */ = {
			isa = XCBuildConfiguration;
			buildSettings = {
				BUNDLE_LOADER = "$(TEST_HOST)";
				CODE_SIGN_STYLE = Automatic;
				CURRENT_PROJECT_VERSION = 1;
				GENERATE_INFOPLIST_FILE = YES;
				IPHONEOS_DEPLOYMENT_TARGET = 18.5;
				MACOSX_DEPLOYMENT_TARGET = 15.5;
				MARKETING_VERSION = 1.0;
				PRODUCT_BUNDLE_IDENTIFIER = "-.nRFappTests";
				PRODUCT_NAME = "$(TARGET_NAME)";
				SDKROOT = auto;
				SUPPORTED_PLATFORMS = "iphoneos iphonesimulator macosx xros xrsimulator";
				SWIFT_EMIT_LOC_STRINGS = NO;
				SWIFT_VERSION = 5.0;
				TARGETED_DEVICE_FAMILY = "1,2,7";
				TEST_HOST = "$(BUILT_PRODUCTS_DIR)/nRFapp.app/$(BUNDLE_EXECUTABLE_FOLDER_PATH)/nRFapp";
				XROS_DEPLOYMENT_TARGET = 2.5;
			};
			name = Release;
		};
		E60313412E74A977007A0D43 /* Debug */ = {
			isa = XCBuildConfiguration;
			buildSettings = {
				CODE_SIGN_STYLE = Automatic;
				CURRENT_PROJECT_VERSION = 1;
				GENERATE_INFOPLIST_FILE = YES;
				IPHONEOS_DEPLOYMENT_TARGET = 18.5;
				MACOSX_DEPLOYMENT_TARGET = 15.5;
				MARKETING_VERSION = 1.0;
				PRODUCT_BUNDLE_IDENTIFIER = "-.nRFappUITests";
				PRODUCT_NAME = "$(TARGET_NAME)";
				SDKROOT = auto;
				SUPPORTED_PLATFORMS = "iphoneos iphonesimulator macosx xros xrsimulator";
				SWIFT_EMIT_LOC_STRINGS = NO;
				SWIFT_VERSION = 5.0;
				TARGETED_DEVICE_FAMILY = "1,2,7";
				TEST_TARGET_NAME = nRFapp;
				XROS_DEPLOYMENT_TARGET = 2.5;
			};
			name = Debug;
		};
		E60313422E74A977007A0D43 /* Release */ = {
			isa = XCBuildConfiguration;
			buildSettings = {
				CODE_SIGN_STYLE = Automatic;
				CURRENT_PROJECT_VERSION = 1;
				GENERATE_INFOPLIST_FILE = YES;
				IPHONEOS_DEPLOYMENT_TARGET = 18.5;
				MACOSX_DEPLOYMENT_TARGET = 15.5;
				MARKETING_VERSION = 1.0;
				PRODUCT_BUNDLE_IDENTIFIER = "-.nRFappUITests";
				PRODUCT_NAME = "$(TARGET_NAME)";
				SDKROOT = auto;
				SUPPORTED_PLATFORMS = "iphoneos iphonesimulator macosx xros xrsimulator";
				SWIFT_EMIT_LOC_STRINGS = NO;
				SWIFT_VERSION = 5.0;
				TARGETED_DEVICE_FAMILY = "1,2,7";
				TEST_TARGET_NAME = nRFapp;
				XROS_DEPLOYMENT_TARGET = 2.5;
			};
			name = Release;
		};
/* End XCBuildConfiguration section */

/* Begin XCConfigurationList section */
		E60313132E74A96B007A0D43 /* Build configuration list for PBXProject "nRFapp" */ = {
			isa = XCConfigurationList;
			buildConfigurations = (
				E60313382E74A977007A0D43 /* Debug */,
				E60313392E74A977007A0D43 /* Release */,
			);
			defaultConfigurationIsVisible = 0;
			defaultConfigurationName = Release;
		};
		E603133A2E74A977007A0D43 /* Build configuration list for PBXNativeTarget "nRFapp" */ = {
			isa = XCConfigurationList;
			buildConfigurations = (
				E603133B2E74A977007A0D43 /* Debug */,
				E603133C2E74A977007A0D43 /* Release */,
			);
			defaultConfigurationIsVisible = 0;
			defaultConfigurationName = Release;
		};
		E603133D2E74A977007A0D43 /* Build configuration list for PBXNativeTarget "nRFappTests" */ = {
			isa = XCConfigurationList;
			buildConfigurations = (
				E603133E2E74A977007A0D43 /* Debug */,
				E603133F2E74A977007A0D43 /* Release */,
			);
			defaultConfigurationIsVisible = 0;
			defaultConfigurationName = Release;
		};
		E60313402E74A977007A0D43 /* Build configuration list for PBXNativeTarget "nRFappUITests" */ = {
			isa = XCConfigurationList;
			buildConfigurations = (
				E60313412E74A977007A0D43 /* Debug */,
				E60313422E74A977007A0D43 /* Release */,
			);
			defaultConfigurationIsVisible = 0;
			defaultConfigurationName = Release;
		};
/* End XCConfigurationList section */
	};
	rootObject = E60313102E74A96B007A0D43 /* Project object */;
}
